
Microsoft Visual Studio Solution File, Format Version 12.00
# Visual Studio Version 17
VisualStudioVersion = 17.10.35013.160
MinimumVisualStudioVersion = 10.0.40219.1
Project("{FAE04EC0-301F-11D3-BF4B-00C04F79EFBC}") = "AuditDecreto", "AuditDecreto\AuditDecreto.csproj", "{62B64721-A907-4397-AF7F-949EF61F0C20}"
EndProject
Global
	GlobalSection(SolutionConfigurationPlatforms) = preSolution
		Debug|Any CPU = Debug|Any CPU
		Release|Any CPU = Release|Any CPU
	EndGlobalSection
	GlobalSection(ProjectConfigurationPlatforms) = postSolution
		{62B64721-A907-4397-AF7F-949EF61F0C20}.Debug|Any CPU.ActiveCfg = Debug|Any CPU
		{62B64721-A907-4397-AF7F-949EF61F0C20}.Debug|Any CPU.Build.0 = Debug|Any CPU
		{62B64721-A907-4397-AF7F-949EF61F0C20}.Release|Any CPU.ActiveCfg = Release|Any CPU
		{62B64721-A907-4397-AF7F-949EF61F0C20}.Release|Any CPU.Build.0 = Release|Any CPU
	EndGlobalSection
	GlobalSection(SolutionProperties) = preSolution
		HideSolutionNode = FALSE
	EndGlobalSection
	GlobalSection(ExtensibilityGlobals) = postSolution
		SolutionGuid = {B246C982-EDCE-42F7-9DFF-E99BB810DD15}
	EndGlobalSection
EndGlobal
